
Microsoft Visual Studio Solution File, Format Version 12.00
# Visual Studio Version 17
VisualStudioVersion = 17.0.31903.59
MinimumVisualStudioVersion = 10.0.40219.1
Project("{2150E333-8FDC-42A3-9474-1A3956D46DE8}") = "src", "src", "{FE41F639-B667-4ABE-9046-6868B8702FE2}"
EndProject
Project("{FAE04EC0-301F-11D3-BF4B-00C04F79EFBC}") = "Tracer.Core", "src\Tracer.Core\Tracer.Core.csproj", "{246EF103-28A8-4F5B-9D41-1C3191EF1825}"
EndProject
Project("{FAE04EC0-301F-11D3-BF4B-00C04F79EFBC}") = "Tracer.Storage.DuckDB", "src\Tracer.Storage.DuckDB\Tracer.Storage.DuckDB.csproj", "{7615CC1B-3874-47BA-94CF-17CB6663BA4A}"
EndProject
Project("{FAE04EC0-301F-11D3-BF4B-00C04F79EFBC}") = "Tracer.Adapters.Mock", "src\Tracer.Adapters.Mock\Tracer.Adapters.Mock.csproj", "{7EF838F1-8D59-44C4-91FC-0CFCB0C2FE75}"
EndProject
Project("{FAE04EC0-301F-11D3-BF4B-00C04F79EFBC}") = "Tracer.TestHarness", "src\Tracer.TestHarness\Tracer.TestHarness.csproj", "{05E0A3B1-9090-458A-87CF-6DE2B1257E09}"
EndProject
Project("{2150E333-8FDC-42A3-9474-1A3956D46DE8}") = "tests", "tests", "{C37341BF-493B-458E-A471-AF4E873267BD}"
EndProject
Project("{FAE04EC0-301F-11D3-BF4B-00C04F79EFBC}") = "Tracer.Tests.Unit", "tests\Tracer.Tests.Unit\Tracer.Tests.Unit.csproj", "{9C5751CC-2A45-41A0-B8C5-73E212655E4D}"
EndProject
Project("{FAE04EC0-301F-11D3-BF4B-00C04F79EFBC}") = "Tracer.Tests.Integration", "tests\Tracer.Tests.Integration\Tracer.Tests.Integration.csproj", "{9027F1ED-0C42-4B83-99E5-89A2526E14E3}"
EndProject
Project("{FAE04EC0-301F-11D3-BF4B-00C04F79EFBC}") = "Tracer.Agent", "src\Tracer.Agent\Tracer.Agent.csproj", "{5760ACBE-E163-4D7C-AB84-E3C4D7527CCA}"
EndProject
Project("{FAE04EC0-301F-11D3-BF4B-00C04F79EFBC}") = "Tracer.FakeNode", "src\Tracer.FakeNode\Tracer.FakeNode.csproj", "{E2B64A40-FF00-4930-86F6-90803553E355}"
EndProject
Project("{FAE04EC0-301F-11D3-BF4B-00C04F79EFBC}") = "Tracer.WebApi", "src\Tracer.WebApi\Tracer.WebApi.csproj", "{89F91103-BA9F-48FF-BF2F-5BC4A9BBC32C}"
EndProject
Project("{FAE04EC0-301F-11D3-BF4B-00C04F79EFBC}") = "Tracer.Observer", "src\Tracer.Observer\Tracer.Observer.csproj", "{873A3280-4596-4BC7-9136-D9E8DFE576AE}"
EndProject
Project("{FAE04EC0-301F-11D3-BF4B-00C04F79EFBC}") = "Tracer.Bundle", "src\Tracer.Bundle\Tracer.Bundle.csproj", "{690B2CE0-B45A-4418-AEFD-BACE5C19A119}"
EndProject
Project("{FAE04EC0-301F-11D3-BF4B-00C04F79EFBC}") = "Tracer.Storage.DuckDB.MultiInterval", "src\Tracer.Storage.DuckDB.MultiInterval\Tracer.Storage.DuckDB.MultiInterval.csproj", "{94A2FEB6-50CE-476B-BD50-376BC9864048}"
EndProject
Project("{FAE04EC0-301F-11D3-BF4B-00C04F79EFBC}") = "Tracer.Aggregator", "src\Tracer.Aggregator\Tracer.Aggregator.csproj", "{B1C3D4E5-F6A7-4B8C-9D0E-1F2A3B4C5D6E}"
EndProject
Project("{FAE04EC0-301F-11D3-BF4B-00C04F79EFBC}") = "Tracer.Aggregator.Cli", "src\Tracer.Aggregator.Cli\Tracer.Aggregator.Cli.csproj", "{3BD7B4AA-319A-4D7C-8F22-D81622735122}"
EndProject
Global
	GlobalSection(SolutionConfigurationPlatforms) = preSolution
		Debug|Any CPU = Debug|Any CPU
		Release|Any CPU = Release|Any CPU
	EndGlobalSection
	GlobalSection(SolutionProperties) = preSolution
		HideSolutionNode = FALSE
	EndGlobalSection
	GlobalSection(ProjectConfigurationPlatforms) = postSolution
		{246EF103-28A8-4F5B-9D41-1C3191EF1825}.Debug|Any CPU.ActiveCfg = Debug|Any CPU
		{246EF103-28A8-4F5B-9D41-1C3191EF1825}.Debug|Any CPU.Build.0 = Debug|Any CPU
		{246EF103-28A8-4F5B-9D41-1C3191EF1825}.Release|Any CPU.ActiveCfg = Release|Any CPU
		{246EF103-28A8-4F5B-9D41-1C3191EF1825}.Release|Any CPU.Build.0 = Release|Any CPU
		{7615CC1B-3874-47BA-94CF-17CB6663BA4A}.Debug|Any CPU.ActiveCfg = Debug|Any CPU
		{7615CC1B-3874-47BA-94CF-17CB6663BA4A}.Debug|Any CPU.Build.0 = Debug|Any CPU
		{7615CC1B-3874-47BA-94CF-17CB6663BA4A}.Release|Any CPU.ActiveCfg = Release|Any CPU
		{7615CC1B-3874-47BA-94CF-17CB6663BA4A}.Release|Any CPU.Build.0 = Release|Any CPU
		{7EF838F1-8D59-44C4-91FC-0CFCB0C2FE75}.Debug|Any CPU.ActiveCfg = Debug|Any CPU
		{7EF838F1-8D59-44C4-91FC-0CFCB0C2FE75}.Debug|Any CPU.Build.0 = Debug|Any CPU
		{7EF838F1-8D59-44C4-91FC-0CFCB0C2FE75}.Release|Any CPU.ActiveCfg = Release|Any CPU
		{7EF838F1-8D59-44C4-91FC-0CFCB0C2FE75}.Release|Any CPU.Build.0 = Release|Any CPU
		{05E0A3B1-9090-458A-87CF-6DE2B1257E09}.Debug|Any CPU.ActiveCfg = Debug|Any CPU
		{05E0A3B1-9090-458A-87CF-6DE2B1257E09}.Debug|Any CPU.Build.0 = Debug|Any CPU
		{05E0A3B1-9090-458A-87CF-6DE2B1257E09}.Release|Any CPU.ActiveCfg = Release|Any CPU
		{05E0A3B1-9090-458A-87CF-6DE2B1257E09}.Release|Any CPU.Build.0 = Release|Any CPU
		{9C5751CC-2A45-41A0-B8C5-73E212655E4D}.Debug|Any CPU.ActiveCfg = Debug|Any CPU
		{9C5751CC-2A45-41A0-B8C5-73E212655E4D}.Debug|Any CPU.Build.0 = Debug|Any CPU
		{9C5751CC-2A45-41A0-B8C5-73E212655E4D}.Release|Any CPU.ActiveCfg = Release|Any CPU
		{9C5751CC-2A45-41A0-B8C5-73E212655E4D}.Release|Any CPU.Build.0 = Release|Any CPU
		{9027F1ED-0C42-4B83-99E5-89A2526E14E3}.Debug|Any CPU.ActiveCfg = Debug|Any CPU
		{9027F1ED-0C42-4B83-99E5-89A2526E14E3}.Debug|Any CPU.Build.0 = Debug|Any CPU
		{9027F1ED-0C42-4B83-99E5-89A2526E14E3}.Release|Any CPU.ActiveCfg = Release|Any CPU
		{9027F1ED-0C42-4B83-99E5-89A2526E14E3}.Release|Any CPU.Build.0 = Release|Any CPU
		{5760ACBE-E163-4D7C-AB84-E3C4D7527CCA}.Debug|Any CPU.ActiveCfg = Debug|Any CPU
		{5760ACBE-E163-4D7C-AB84-E3C4D7527CCA}.Debug|Any CPU.Build.0 = Debug|Any CPU
		{5760ACBE-E163-4D7C-AB84-E3C4D7527CCA}.Release|Any CPU.ActiveCfg = Release|Any CPU
		{5760ACBE-E163-4D7C-AB84-E3C4D7527CCA}.Release|Any CPU.Build.0 = Release|Any CPU
		{E2B64A40-FF00-4930-86F6-90803553E355}.Debug|Any CPU.ActiveCfg = Debug|Any CPU
		{E2B64A40-FF00-4930-86F6-90803553E355}.Debug|Any CPU.Build.0 = Debug|Any CPU
		{E2B64A40-FF00-4930-86F6-90803553E355}.Release|Any CPU.ActiveCfg = Release|Any CPU
		{E2B64A40-FF00-4930-86F6-90803553E355}.Release|Any CPU.Build.0 = Release|Any CPU
		{89F91103-BA9F-48FF-BF2F-5BC4A9BBC32C}.Debug|Any CPU.ActiveCfg = Debug|Any CPU
		{89F91103-BA9F-48FF-BF2F-5BC4A9BBC32C}.Debug|Any CPU.Build.0 = Debug|Any CPU
		{89F91103-BA9F-48FF-BF2F-5BC4A9BBC32C}.Release|Any CPU.ActiveCfg = Release|Any CPU
		{89F91103-BA9F-48FF-BF2F-5BC4A9BBC32C}.Release|Any CPU.Build.0 = Release|Any CPU
		{873A3280-4596-4BC7-9136-D9E8DFE576AE}.Debug|Any CPU.ActiveCfg = Debug|Any CPU
		{873A3280-4596-4BC7-9136-D9E8DFE576AE}.Debug|Any CPU.Build.0 = Debug|Any CPU
		{873A3280-4596-4BC7-9136-D9E8DFE576AE}.Release|Any CPU.ActiveCfg = Release|Any CPU
		{873A3280-4596-4BC7-9136-D9E8DFE576AE}.Release|Any CPU.Build.0 = Release|Any CPU
		{690B2CE0-B45A-4418-AEFD-BACE5C19A119}.Debug|Any CPU.ActiveCfg = Debug|Any CPU
		{690B2CE0-B45A-4418-AEFD-BACE5C19A119}.Debug|Any CPU.Build.0 = Debug|Any CPU
		{690B2CE0-B45A-4418-AEFD-BACE5C19A119}.Release|Any CPU.ActiveCfg = Release|Any CPU
		{690B2CE0-B45A-4418-AEFD-BACE5C19A119}.Release|Any CPU.Build.0 = Release|Any CPU
		{94A2FEB6-50CE-476B-BD50-376BC9864048}.Debug|Any CPU.ActiveCfg = Debug|Any CPU
		{94A2FEB6-50CE-476B-BD50-376BC9864048}.Debug|Any CPU.Build.0 = Debug|Any CPU
		{94A2FEB6-50CE-476B-BD50-376BC9864048}.Release|Any CPU.ActiveCfg = Release|Any CPU
		{94A2FEB6-50CE-476B-BD50-376BC9864048}.Release|Any CPU.Build.0 = Release|Any CPU
		{B1C3D4E5-F6A7-4B8C-9D0E-1F2A3B4C5D6E}.Debug|Any CPU.ActiveCfg = Debug|Any CPU
		{B1C3D4E5-F6A7-4B8C-9D0E-1F2A3B4C5D6E}.Debug|Any CPU.Build.0 = Debug|Any CPU
		{B1C3D4E5-F6A7-4B8C-9D0E-1F2A3B4C5D6E}.Release|Any CPU.ActiveCfg = Release|Any CPU
		{B1C3D4E5-F6A7-4B8C-9D0E-1F2A3B4C5D6E}.Release|Any CPU.Build.0 = Release|Any CPU
		{3BD7B4AA-319A-4D7C-8F22-D81622735122}.Debug|Any CPU.ActiveCfg = Debug|Any CPU
		{3BD7B4AA-319A-4D7C-8F22-D81622735122}.Debug|Any CPU.Build.0 = Debug|Any CPU
		{3BD7B4AA-319A-4D7C-8F22-D81622735122}.Release|Any CPU.ActiveCfg = Release|Any CPU
		{3BD7B4AA-319A-4D7C-8F22-D81622735122}.Release|Any CPU.Build.0 = Release|Any CPU
	EndGlobalSection
	GlobalSection(NestedProjects) = preSolution
		{246EF103-28A8-4F5B-9D41-1C3191EF1825} = {FE41F639-B667-4ABE-9046-6868B8702FE2}
		{7615CC1B-3874-47BA-94CF-17CB6663BA4A} = {FE41F639-B667-4ABE-9046-6868B8702FE2}
		{7EF838F1-8D59-44C4-91FC-0CFCB0C2FE75} = {FE41F639-B667-4ABE-9046-6868B8702FE2}
		{05E0A3B1-9090-458A-87CF-6DE2B1257E09} = {FE41F639-B667-4ABE-9046-6868B8702FE2}
		{9C5751CC-2A45-41A0-B8C5-73E212655E4D} = {C37341BF-493B-458E-A471-AF4E873267BD}
		{9027F1ED-0C42-4B83-99E5-89A2526E14E3} = {C37341BF-493B-458E-A471-AF4E873267BD}
		{5760ACBE-E163-4D7C-AB84-E3C4D7527CCA} = {FE41F639-B667-4ABE-9046-6868B8702FE2}
		{E2B64A40-FF00-4930-86F6-90803553E355} = {FE41F639-B667-4ABE-9046-6868B8702FE2}
		{89F91103-BA9F-48FF-BF2F-5BC4A9BBC32C} = {FE41F639-B667-4ABE-9046-6868B8702FE2}
		{873A3280-4596-4BC7-9136-D9E8DFE576AE} = {FE41F639-B667-4ABE-9046-6868B8702FE2}
		{690B2CE0-B45A-4418-AEFD-BACE5C19A119} = {FE41F639-B667-4ABE-9046-6868B8702FE2}
		{94A2FEB6-50CE-476B-BD50-376BC9864048} = {FE41F639-B667-4ABE-9046-6868B8702FE2}
		{B1C3D4E5-F6A7-4B8C-9D0E-1F2A3B4C5D6E} = {FE41F639-B667-4ABE-9046-6868B8702FE2}
		{3BD7B4AA-319A-4D7C-8F22-D81622735122} = {FE41F639-B667-4ABE-9046-6868B8702FE2}
	EndGlobalSection
EndGlobal
