
Microsoft Visual Studio Solution File, Format Version 12.00
# Visual Studio Version 17
VisualStudioVersion = 17.0.31903.59
MinimumVisualStudioVersion = 10.0.40219.1
Project("{2150E333-8FDC-42A3-9474-1A3956D46DE8}") = "src", "src", "{FE41F639-B667-4ABE-9046-6868B8702FE2}"
EndProject
Project("{FAE04EC0-301F-11D3-BF4B-00C04F79EFBC}") = "Tracer.Core", "src\Tracer.Core\Tracer.Core.csproj", "{246EF103-28A8-4F5B-9D41-1C3191EF1825}"
EndProject
Project("{FAE04EC0-301F-11D3-BF4B-00C04F79EFBC}") = "Tracer.Storage.DuckDB", "src\Tracer.Storage.DuckDB\Tracer.Storage.DuckDB.csproj", "{7615CC1B-3874-47BA-94CF-17CB6663BA4A}"
EndProject
Project("{FAE04EC0-301F-11D3-BF4B-00C04F79EFBC}") = "Tracer.Adapters.Mock", "src\Tracer.Adapters.Mock\Tracer.Adapters.Mock.csproj", "{7EF838F1-8D59-44C4-91FC-0CFCB0C2FE75}"
EndProject
Project("{FAE04EC0-301F-11D3-BF4B-00C04F79EFBC}") = "Tracer.TestHarness", "src\Tracer.TestHarness\Tracer.TestHarness.csproj", "{05E0A3B1-9090-458A-87CF-6DE2B1257E09}"
EndProject
Project("{2150E333-8FDC-42A3-9474-1A3956D46DE8}") = "tests", "tests", "{C37341BF-493B-458E-A471-AF4E873267BD}"
EndProject
Project("{FAE04EC0-301F-11D3-BF4B-00C04F79EFBC}") = "Tracer.Tests.Unit", "tests\Tracer.Tests.Unit\Tracer.Tests.Unit.csproj", "{9C5751CC-2A45-41A0-B8C5-73E212655E4D}"
EndProject
Project("{FAE04EC0-301F-11D3-BF4B-00C04F79EFBC}") = "Tracer.Tests.Integration", "tests\Tracer.Tests.Integration\Tracer.Tests.Integration.csproj", "{9027F1ED-0C42-4B83-99E5-89A2526E14E3}"
EndProject
Project("{FAE04EC0-301F-11D3-BF4B-00C04F79EFBC}") = "Tracer.Agent", "src\Tracer.Agent\Tracer.Agent.csproj", "{5760ACBE-E163-4D7C-AB84-E3C4D7527CCA}"
EndProject
Project("{FAE04EC0-301F-11D3-BF4B-00C04F79EFBC}") = "Tracer.FakeNode", "src\Tracer.FakeNode\Tracer.FakeNode.csproj", "{E2B64A40-FF00-4930-86F6-90803553E355}"
EndProject
Project("{FAE04EC0-301F-11D3-BF4B-00C04F79EFBC}") = "Tracer.WebApi", "src\Tracer.WebApi\Tracer.WebApi.csproj", "{89F91103-BA9F-48FF-BF2F-5BC4A9BBC32C}"
EndProject
Project("{FAE04EC0-301F-11D3-BF4B-00C04F79EFBC}") = "Tracer.Observer", "src\Tracer.Observer\Tracer.Observer.csproj", "{873A3280-4596-4BC7-9136-D9E8DFE576AE}"
EndProject
Project("{FAE04EC0-301F-11D3-BF4B-00C04F79EFBC}") = "Tracer.Bundle", "src\Tracer.Bundle\Tracer.Bundle.csproj", "{690B2CE0-B45A-4418-AEFD-BACE5C19A119}"
EndProject
Project("{FAE04EC0-301F-11D3-BF4B-00C04F79EFBC}") = "Tracer.Storage.DuckDB.MultiInterval", "src\Tracer.Storage.DuckDB.MultiInterval\Tracer.Storage.DuckDB.MultiInterval.csproj", "{94A2FEB6-50CE-476B-BD50-376BC9864048}"
EndProject
Project("{FAE04EC0-301F-11D3-BF4B-00C04F79EFBC}") = "Tracer.Aggregator", "src\Tracer.Aggregator\Tracer.Aggregator.csproj", "{B1C3D4E5-F6A7-4B8C-9D0E-1F2A3B4C5D6E}"
EndProject
Project("{FAE04EC0-301F-11D3-BF4B-00C04F79EFBC}") = "Tracer.Aggregator.Cli", "src\Tracer.Aggregator.Cli\Tracer.Aggregator.Cli.csproj", "{3BD7B4AA-319A-4D7C-8F22-D81622735122}"
EndProject
Project("{FAE04EC0-301F-11D3-BF4B-00C04F79EFBC}") = "Tracer.OfflineViewer", "src\Tracer.OfflineViewer\Tracer.OfflineViewer.csproj", "{790E2127-5CB3-4988-970B-13A9A72F9898}"
EndProject
Project("{FAE04EC0-301F-11D3-BF4B-00C04F79EFBC}") = "Tracer.Storage.Parquet", "src\Tracer.Storage.Parquet\Tracer.Storage.Parquet.csproj", "{A1B2C3D4-E5F6-7890-ABCD-EF1234567890}"
EndProject
Project("{FAE04EC0-301F-11D3-BF4B-00C04F79EFBC}") = "Tracer.Storage.Annotations", "src\Tracer.Storage.Annotations\Tracer.Storage.Annotations.csproj", "{ED04DD99-151E-4E1C-963E-D3BA2A05906B}"
EndProject
Project("{FAE04EC0-301F-11D3-BF4B-00C04F79EFBC}") = "Tracer.Storage.SavedViews", "src\Tracer.Storage.SavedViews\Tracer.Storage.SavedViews.csproj", "{CC0A96F3-3F6C-4140-9603-01495268024E}"
EndProject
Project("{FAE04EC0-301F-11D3-BF4B-00C04F79EFBC}") = "Tracer.Storage.SavedQueries", "src\Tracer.Storage.SavedQueries\Tracer.Storage.SavedQueries.csproj", "{BFD7719F-7D31-4720-82DB-CC8FD993ED4F}"
EndProject
Project("{FAE04EC0-301F-11D3-BF4B-00C04F79EFBC}") = "Tracer.Adapters.DDS", "src\Tracer.Adapters.DDS\Tracer.Adapters.DDS.csproj", "{F83F014E-4030-4CD6-A6B4-4E912151DAF8}"
EndProject
Project("{FAE04EC0-301F-11D3-BF4B-00C04F79EFBC}") = "Tracer.Adapters.SharedMemory", "src\Tracer.Adapters.SharedMemory\Tracer.Adapters.SharedMemory.csproj", "{E492F0FD-D92E-4132-B499-064C7683A203}"
EndProject
Project("{FAE04EC0-301F-11D3-BF4B-00C04F79EFBC}") = "Tracer.Adapters.Sync", "src\Tracer.Adapters.Sync\Tracer.Adapters.Sync.csproj", "{0CDDBFF0-1952-42CC-8929-43DF16BE9AC1}"
EndProject
Project("{FAE04EC0-301F-11D3-BF4B-00C04F79EFBC}") = "Tracer.Adapters.Nas", "src\Tracer.Adapters.Nas\Tracer.Adapters.Nas.csproj", "{4328FD09-5649-4779-870D-F98D744D90F9}"
EndProject
Global
	GlobalSection(SolutionConfigurationPlatforms) = preSolution
		Debug|Any CPU = Debug|Any CPU
		Release|Any CPU = Release|Any CPU
	EndGlobalSection
	GlobalSection(SolutionProperties) = preSolution
		HideSolutionNode = FALSE
	EndGlobalSection
	GlobalSection(ProjectConfigurationPlatforms) = postSolution
		{246EF103-28A8-4F5B-9D41-1C3191EF1825}.Debug|Any CPU.ActiveCfg = Debug|Any CPU
		{246EF103-28A8-4F5B-9D41-1C3191EF1825}.Debug|Any CPU.Build.0 = Debug|Any CPU
		{246EF103-28A8-4F5B-9D41-1C3191EF1825}.Release|Any CPU.ActiveCfg = Release|Any CPU
		{246EF103-28A8-4F5B-9D41-1C3191EF1825}.Release|Any CPU.Build.0 = Release|Any CPU
		{7615CC1B-3874-47BA-94CF-17CB6663BA4A}.Debug|Any CPU.ActiveCfg = Debug|Any CPU
		{7615CC1B-3874-47BA-94CF-17CB6663BA4A}.Debug|Any CPU.Build.0 = Debug|Any CPU
		{7615CC1B-3874-47BA-94CF-17CB6663BA4A}.Release|Any CPU.ActiveCfg = Release|Any CPU
		{7615CC1B-3874-47BA-94CF-17CB6663BA4A}.Release|Any CPU.Build.0 = Release|Any CPU
		{7EF838F1-8D59-44C4-91FC-0CFCB0C2FE75}.Debug|Any CPU.ActiveCfg = Debug|Any CPU
		{7EF838F1-8D59-44C4-91FC-0CFCB0C2FE75}.Debug|Any CPU.Build.0 = Debug|Any CPU
		{7EF838F1-8D59-44C4-91FC-0CFCB0C2FE75}.Release|Any CPU.ActiveCfg = Release|Any CPU
		{7EF838F1-8D59-44C4-91FC-0CFCB0C2FE75}.Release|Any CPU.Build.0 = Release|Any CPU
		{05E0A3B1-9090-458A-87CF-6DE2B1257E09}.Debug|Any CPU.ActiveCfg = Debug|Any CPU
		{05E0A3B1-9090-458A-87CF-6DE2B1257E09}.Debug|Any CPU.Build.0 = Debug|Any CPU
		{05E0A3B1-9090-458A-87CF-6DE2B1257E09}.Release|Any CPU.ActiveCfg = Release|Any CPU
		{05E0A3B1-9090-458A-87CF-6DE2B1257E09}.Release|Any CPU.Build.0 = Release|Any CPU
		{9C5751CC-2A45-41A0-B8C5-73E212655E4D}.Debug|Any CPU.ActiveCfg = Debug|Any CPU
		{9C5751CC-2A45-41A0-B8C5-73E212655E4D}.Debug|Any CPU.Build.0 = Debug|Any CPU
		{9C5751CC-2A45-41A0-B8C5-73E212655E4D}.Release|Any CPU.ActiveCfg = Release|Any CPU
		{9C5751CC-2A45-41A0-B8C5-73E212655E4D}.Release|Any CPU.Build.0 = Release|Any CPU
		{9027F1ED-0C42-4B83-99E5-89A2526E14E3}.Debug|Any CPU.ActiveCfg = Debug|Any CPU
		{9027F1ED-0C42-4B83-99E5-89A2526E14E3}.Debug|Any CPU.Build.0 = Debug|Any CPU
		{9027F1ED-0C42-4B83-99E5-89A2526E14E3}.Release|Any CPU.ActiveCfg = Release|Any CPU
		{9027F1ED-0C42-4B83-99E5-89A2526E14E3}.Release|Any CPU.Build.0 = Release|Any CPU
		{5760ACBE-E163-4D7C-AB84-E3C4D7527CCA}.Debug|Any CPU.ActiveCfg = Debug|Any CPU
		{5760ACBE-E163-4D7C-AB84-E3C4D7527CCA}.Debug|Any CPU.Build.0 = Debug|Any CPU
		{5760ACBE-E163-4D7C-AB84-E3C4D7527CCA}.Release|Any CPU.ActiveCfg = Release|Any CPU
		{5760ACBE-E163-4D7C-AB84-E3C4D7527CCA}.Release|Any CPU.Build.0 = Release|Any CPU
		{E2B64A40-FF00-4930-86F6-90803553E355}.Debug|Any CPU.ActiveCfg = Debug|Any CPU
		{E2B64A40-FF00-4930-86F6-90803553E355}.Debug|Any CPU.Build.0 = Debug|Any CPU
		{E2B64A40-FF00-4930-86F6-90803553E355}.Release|Any CPU.ActiveCfg = Release|Any CPU
		{E2B64A40-FF00-4930-86F6-90803553E355}.Release|Any CPU.Build.0 = Release|Any CPU
		{89F91103-BA9F-48FF-BF2F-5BC4A9BBC32C}.Debug|Any CPU.ActiveCfg = Debug|Any CPU
		{89F91103-BA9F-48FF-BF2F-5BC4A9BBC32C}.Debug|Any CPU.Build.0 = Debug|Any CPU
		{89F91103-BA9F-48FF-BF2F-5BC4A9BBC32C}.Release|Any CPU.ActiveCfg = Release|Any CPU
		{89F91103-BA9F-48FF-BF2F-5BC4A9BBC32C}.Release|Any CPU.Build.0 = Release|Any CPU
		{873A3280-4596-4BC7-9136-D9E8DFE576AE}.Debug|Any CPU.ActiveCfg = Debug|Any CPU
		{873A3280-4596-4BC7-9136-D9E8DFE576AE}.Debug|Any CPU.Build.0 = Debug|Any CPU
		{873A3280-4596-4BC7-9136-D9E8DFE576AE}.Release|Any CPU.ActiveCfg = Release|Any CPU
		{873A3280-4596-4BC7-9136-D9E8DFE576AE}.Release|Any CPU.Build.0 = Release|Any CPU
		{690B2CE0-B45A-4418-AEFD-BACE5C19A119}.Debug|Any CPU.ActiveCfg = Debug|Any CPU
		{690B2CE0-B45A-4418-AEFD-BACE5C19A119}.Debug|Any CPU.Build.0 = Debug|Any CPU
		{690B2CE0-B45A-4418-AEFD-BACE5C19A119}.Release|Any CPU.ActiveCfg = Release|Any CPU
		{690B2CE0-B45A-4418-AEFD-BACE5C19A119}.Release|Any CPU.Build.0 = Release|Any CPU
		{94A2FEB6-50CE-476B-BD50-376BC9864048}.Debug|Any CPU.ActiveCfg = Debug|Any CPU
		{94A2FEB6-50CE-476B-BD50-376BC9864048}.Debug|Any CPU.Build.0 = Debug|Any CPU
		{94A2FEB6-50CE-476B-BD50-376BC9864048}.Release|Any CPU.ActiveCfg = Release|Any CPU
		{94A2FEB6-50CE-476B-BD50-376BC9864048}.Release|Any CPU.Build.0 = Release|Any CPU
		{B1C3D4E5-F6A7-4B8C-9D0E-1F2A3B4C5D6E}.Debug|Any CPU.ActiveCfg = Debug|Any CPU
		{B1C3D4E5-F6A7-4B8C-9D0E-1F2A3B4C5D6E}.Debug|Any CPU.Build.0 = Debug|Any CPU
		{B1C3D4E5-F6A7-4B8C-9D0E-1F2A3B4C5D6E}.Release|Any CPU.ActiveCfg = Release|Any CPU
		{B1C3D4E5-F6A7-4B8C-9D0E-1F2A3B4C5D6E}.Release|Any CPU.Build.0 = Release|Any CPU
		{3BD7B4AA-319A-4D7C-8F22-D81622735122}.Debug|Any CPU.ActiveCfg = Debug|Any CPU
		{3BD7B4AA-319A-4D7C-8F22-D81622735122}.Debug|Any CPU.Build.0 = Debug|Any CPU
		{3BD7B4AA-319A-4D7C-8F22-D81622735122}.Release|Any CPU.ActiveCfg = Release|Any CPU
		{3BD7B4AA-319A-4D7C-8F22-D81622735122}.Release|Any CPU.Build.0 = Release|Any CPU
		{790E2127-5CB3-4988-970B-13A9A72F9898}.Debug|Any CPU.ActiveCfg = Debug|Any CPU
		{790E2127-5CB3-4988-970B-13A9A72F9898}.Debug|Any CPU.Build.0 = Debug|Any CPU
		{790E2127-5CB3-4988-970B-13A9A72F9898}.Release|Any CPU.ActiveCfg = Release|Any CPU
		{790E2127-5CB3-4988-970B-13A9A72F9898}.Release|Any CPU.Build.0 = Release|Any CPU
		{A1B2C3D4-E5F6-7890-ABCD-EF1234567890}.Debug|Any CPU.ActiveCfg = Debug|Any CPU
		{A1B2C3D4-E5F6-7890-ABCD-EF1234567890}.Debug|Any CPU.Build.0 = Debug|Any CPU
		{A1B2C3D4-E5F6-7890-ABCD-EF1234567890}.Release|Any CPU.ActiveCfg = Release|Any CPU
		{A1B2C3D4-E5F6-7890-ABCD-EF1234567890}.Release|Any CPU.Build.0 = Release|Any CPU
		{ED04DD99-151E-4E1C-963E-D3BA2A05906B}.Debug|Any CPU.ActiveCfg = Debug|Any CPU
		{ED04DD99-151E-4E1C-963E-D3BA2A05906B}.Debug|Any CPU.Build.0 = Debug|Any CPU
		{ED04DD99-151E-4E1C-963E-D3BA2A05906B}.Release|Any CPU.ActiveCfg = Release|Any CPU
		{ED04DD99-151E-4E1C-963E-D3BA2A05906B}.Release|Any CPU.Build.0 = Release|Any CPU
		{CC0A96F3-3F6C-4140-9603-01495268024E}.Debug|Any CPU.ActiveCfg = Debug|Any CPU
		{CC0A96F3-3F6C-4140-9603-01495268024E}.Debug|Any CPU.Build.0 = Debug|Any CPU
		{CC0A96F3-3F6C-4140-9603-01495268024E}.Release|Any CPU.ActiveCfg = Release|Any CPU
		{CC0A96F3-3F6C-4140-9603-01495268024E}.Release|Any CPU.Build.0 = Release|Any CPU
		{BFD7719F-7D31-4720-82DB-CC8FD993ED4F}.Debug|Any CPU.ActiveCfg = Debug|Any CPU
		{BFD7719F-7D31-4720-82DB-CC8FD993ED4F}.Debug|Any CPU.Build.0 = Debug|Any CPU
		{BFD7719F-7D31-4720-82DB-CC8FD993ED4F}.Release|Any CPU.ActiveCfg = Release|Any CPU
		{BFD7719F-7D31-4720-82DB-CC8FD993ED4F}.Release|Any CPU.Build.0 = Release|Any CPU
		{F83F014E-4030-4CD6-A6B4-4E912151DAF8}.Debug|Any CPU.ActiveCfg = Debug|Any CPU
		{F83F014E-4030-4CD6-A6B4-4E912151DAF8}.Debug|Any CPU.Build.0 = Debug|Any CPU
		{F83F014E-4030-4CD6-A6B4-4E912151DAF8}.Release|Any CPU.ActiveCfg = Release|Any CPU
		{F83F014E-4030-4CD6-A6B4-4E912151DAF8}.Release|Any CPU.Build.0 = Release|Any CPU
		{E492F0FD-D92E-4132-B499-064C7683A203}.Debug|Any CPU.ActiveCfg = Debug|Any CPU
		{E492F0FD-D92E-4132-B499-064C7683A203}.Debug|Any CPU.Build.0 = Debug|Any CPU
		{E492F0FD-D92E-4132-B499-064C7683A203}.Release|Any CPU.ActiveCfg = Release|Any CPU
		{E492F0FD-D92E-4132-B499-064C7683A203}.Release|Any CPU.Build.0 = Release|Any CPU
		{0CDDBFF0-1952-42CC-8929-43DF16BE9AC1}.Debug|Any CPU.ActiveCfg = Debug|Any CPU
		{0CDDBFF0-1952-42CC-8929-43DF16BE9AC1}.Debug|Any CPU.Build.0 = Debug|Any CPU
		{0CDDBFF0-1952-42CC-8929-43DF16BE9AC1}.Release|Any CPU.ActiveCfg = Release|Any CPU
		{0CDDBFF0-1952-42CC-8929-43DF16BE9AC1}.Release|Any CPU.Build.0 = Release|Any CPU
		{4328FD09-5649-4779-870D-F98D744D90F9}.Debug|Any CPU.ActiveCfg = Debug|Any CPU
		{4328FD09-5649-4779-870D-F98D744D90F9}.Debug|Any CPU.Build.0 = Debug|Any CPU
		{4328FD09-5649-4779-870D-F98D744D90F9}.Release|Any CPU.ActiveCfg = Release|Any CPU
		{4328FD09-5649-4779-870D-F98D744D90F9}.Release|Any CPU.Build.0 = Release|Any CPU
	EndGlobalSection
	GlobalSection(NestedProjects) = preSolution
		{246EF103-28A8-4F5B-9D41-1C3191EF1825} = {FE41F639-B667-4ABE-9046-6868B8702FE2}
		{7615CC1B-3874-47BA-94CF-17CB6663BA4A} = {FE41F639-B667-4ABE-9046-6868B8702FE2}
		{7EF838F1-8D59-44C4-91FC-0CFCB0C2FE75} = {FE41F639-B667-4ABE-9046-6868B8702FE2}
		{05E0A3B1-9090-458A-87CF-6DE2B1257E09} = {FE41F639-B667-4ABE-9046-6868B8702FE2}
		{9C5751CC-2A45-41A0-B8C5-73E212655E4D} = {C37341BF-493B-458E-A471-AF4E873267BD}
		{9027F1ED-0C42-4B83-99E5-89A2526E14E3} = {C37341BF-493B-458E-A471-AF4E873267BD}
		{5760ACBE-E163-4D7C-AB84-E3C4D7527CCA} = {FE41F639-B667-4ABE-9046-6868B8702FE2}
		{E2B64A40-FF00-4930-86F6-90803553E355} = {FE41F639-B667-4ABE-9046-6868B8702FE2}
		{89F91103-BA9F-48FF-BF2F-5BC4A9BBC32C} = {FE41F639-B667-4ABE-9046-6868B8702FE2}
		{873A3280-4596-4BC7-9136-D9E8DFE576AE} = {FE41F639-B667-4ABE-9046-6868B8702FE2}
		{690B2CE0-B45A-4418-AEFD-BACE5C19A119} = {FE41F639-B667-4ABE-9046-6868B8702FE2}
		{94A2FEB6-50CE-476B-BD50-376BC9864048} = {FE41F639-B667-4ABE-9046-6868B8702FE2}
		{B1C3D4E5-F6A7-4B8C-9D0E-1F2A3B4C5D6E} = {FE41F639-B667-4ABE-9046-6868B8702FE2}
		{3BD7B4AA-319A-4D7C-8F22-D81622735122} = {FE41F639-B667-4ABE-9046-6868B8702FE2}
		{790E2127-5CB3-4988-970B-13A9A72F9898} = {FE41F639-B667-4ABE-9046-6868B8702FE2}
		{A1B2C3D4-E5F6-7890-ABCD-EF1234567890} = {FE41F639-B667-4ABE-9046-6868B8702FE2}
		{ED04DD99-151E-4E1C-963E-D3BA2A05906B} = {FE41F639-B667-4ABE-9046-6868B8702FE2}
		{CC0A96F3-3F6C-4140-9603-01495268024E} = {FE41F639-B667-4ABE-9046-6868B8702FE2}
		{BFD7719F-7D31-4720-82DB-CC8FD993ED4F} = {FE41F639-B667-4ABE-9046-6868B8702FE2}
		{F83F014E-4030-4CD6-A6B4-4E912151DAF8} = {FE41F639-B667-4ABE-9046-6868B8702FE2}
		{E492F0FD-D92E-4132-B499-064C7683A203} = {FE41F639-B667-4ABE-9046-6868B8702FE2}
		{0CDDBFF0-1952-42CC-8929-43DF16BE9AC1} = {FE41F639-B667-4ABE-9046-6868B8702FE2}
		{4328FD09-5649-4779-870D-F98D744D90F9} = {FE41F639-B667-4ABE-9046-6868B8702FE2}
	EndGlobalSection
EndGlobal
